// !$*UTF8*$!
{
	archiveVersion = 1;
	classes = {
	};
	objectVersion = 46;
	objects = {

/* Begin PBXBuildFile section */
		98243AEC1F2C022B00D782D9 /* AppDelegate.swift in Sources */ = {isa = PBXBuildFile; fileRef = 98243AEB1F2C022B00D782D9 /* AppDelegate.swift */; };
		98243AEE1F2C022C00D782D9 /* ViewController.swift in Sources */ = {isa = PBXBuildFile; fileRef = 98243AED1F2C022C00D782D9 /* ViewController.swift */; };
		98243AF11F2C022C00D782D9 /* Main.storyboard in Resources */ = {isa = PBXBuildFile; fileRef = 98243AEF1F2C022C00D782D9 /* Main.storyboard */; };
		98243AF41F2C022C00D782D9 /* TicTacToe.xcdatamodeld in Sources */ = {isa = PBXBuildFile; fileRef = 98243AF21F2C022C00D782D9 /* TicTacToe.xcdatamodeld */; };
		98243AF61F2C022C00D782D9 /* Assets.xcassets in Resources */ = {isa = PBXBuildFile; fileRef = 98243AF51F2C022C00D782D9 /* Assets.xcassets */; };
		98243AF91F2C022C00D782D9 /* LaunchScreen.storyboard in Resources */ = {isa = PBXBuildFile; fileRef = 98243AF71F2C022C00D782D9 /* LaunchScreen.storyboard */; };
/* End PBXBuildFile section */

/* Begin PBXFileReference section */
		98243AE81F2C022B00D782D9 /* TicTacToe.app */ = {isa = PBXFileReference; explicitFileType = wrapper.application; includeInIndex = 0; path = TicTacToe.app; sourceTree = BUILT_PRODUCTS_DIR; };
		98243AEB1F2C022B00D782D9 /* AppDelegate.swift */ = {isa = PBXFileReference; lastKnownFileType = sourcecode.swift; path = AppDelegate.swift; sourceTree = "<group>"; };
		98243AED1F2C022C00D782D9 /* ViewController.swift */ = {isa = PBXFileReference; lastKnownFileType = sourcecode.swift; path = ViewController.swift; sourceTree = "<group>"; };
		98243AF01F2C022C00D782D9 /* Base */ = {isa = PBXFileReference; lastKnownFileType = file.storyboard; name = Base; path = Base.lproj/Main.storyboard; sourceTree = "<group>"; };
		98243AF31F2C022C00D782D9 /* TicTacToe.xcdatamodel */ = {isa = PBXFileReference; lastKnownFileType = wrapper.xcdatamodel; path = TicTacToe.xcdatamodel; sourceTree = "<group>"; };
		98243AF51F2C022C00D782D9 /* Assets.xcassets */ = {isa = PBXFileReference; lastKnownFileType = folder.assetcatalog; path = Assets.xcassets; sourceTree = "<group>"; };
		98243AF81F2C022C00D782D9 /* Base */ = {isa = PBXFileReference; lastKnownFileType = file.storyboard; name = Base; path = Base.lproj/LaunchScreen.storyboard; sourceTree = "<group>"; };
		98243AFA1F2C022C00D782D9 /* Info.plist */ = {isa = PBXFileReference; lastKnownFileType = text.plist.xml; path = Info.plist; sourceTree = "<group>"; };
/* End PBXFileReference section */

/* Begin PBXFrameworksBuildPhase section */
		98243AE51F2C022B00D782D9 /* Frameworks */ = {
			isa = PBXFrameworksBuildPhase;
			buildActionMask = 2147483647;
			files = (
			);
			runOnlyForDeploymentPostprocessing = 0;
		};
/* End PBXFrameworksBuildPhase section */

/* Begin PBXGroup section */
		98243ADF1F2C022B00D782D9 = {
			isa = PBXGroup;
			children = (
				98243AEA1F2C022B00D782D9 /* TicTacToe */,
				98243AE91F2C022B00D782D9 /* Products */,
			);
			sourceTree = "<group>";
		};
		98243AE91F2C022B00D782D9 /* Products */ = {
			isa = PBXGroup;
			children = (
				98243AE81F2C022B00D782D9 /* TicTacToe.app */,
			);
			name = Products;
			sourceTree = "<group>";
		};
		98243AEA1F2C022B00D782D9 /* TicTacToe */ = {
			isa = PBXGroup;
			children = (
				98243AEB1F2C022B00D782D9 /* AppDelegate.swift */,
				98243AED1F2C022C00D782D9 /* ViewController.swift */,
				98243AEF1F2C022C00D782D9 /* Main.storyboard */,
				98243AF51F2C022C00D782D9 /* Assets.xcassets */,
				98243AF71F2C022C00D782D9 /* LaunchScreen.storyboard */,
				98243AFA1F2C022C00D782D9 /* Info.plist */,
				98243AF21F2C022C00D782D9 /* TicTacToe.xcdatamodeld */,
			);
			path = TicTacToe;
			sourceTree = "<group>";
		};
/* End PBXGroup section */

/* Begin PBXNativeTarget section */
		98243AE71F2C022B00D782D9 /* TicTacToe */ = {
			isa = PBXNativeTarget;
			buildConfigurationList = 98243AFD1F2C022C00D782D9 /* Build configuration list for PBXNativeTarget "TicTacToe" */;
			buildPhases = (
				98243AE41F2C022B00D782D9 /* Sources */,
				98243AE51F2C022B00D782D9 /* Frameworks */,
				98243AE61F2C022B00D782D9 /* Resources */,
			);
			buildRules = (
			);
			dependencies = (
			);
			name = TicTacToe;
			productName = TicTacToe;
			productReference = 98243AE81F2C022B00D782D9 /* TicTacToe.app */;
			productType = "com.apple.product-type.application";
		};
/* End PBXNativeTarget section */

/* Begin PBXProject section */
		98243AE01F2C022B00D782D9 /* Project object */ = {
			isa = PBXProject;
			attributes = {
				KnownAssetTags = (
					1,
				);
				LastSwiftUpdateCheck = 0830;
				LastUpgradeCheck = 0830;
				ORGANIZATIONNAME = "Fadel Kaadan";
				TargetAttributes = {
					98243AE71F2C022B00D782D9 = {
						CreatedOnToolsVersion = 8.3.3;
						DevelopmentTeam = 4R62TSPCD5;
						ProvisioningStyle = Automatic;
					};
				};
			};
			buildConfigurationList = 98243AE31F2C022B00D782D9 /* Build configuration list for PBXProject "TicTacToe" */;
			compatibilityVersion = "Xcode 3.2";
			developmentRegion = English;
			hasScannedForEncodings = 0;
			knownRegions = (
				en,
				Base,
			);
			mainGroup = 98243ADF1F2C022B00D782D9;
			productRefGroup = 98243AE91F2C022B00D782D9 /* Products */;
			projectDirPath = "";
			projectRoot = "";
			targets = (
				98243AE71F2C022B00D782D9 /* TicTacToe */,
			);
		};
/* End PBXProject section */

/* Begin PBXResourcesBuildPhase section */
		98243AE61F2C022B00D782D9 /* Resources */ = {
			isa = PBXResourcesBuildPhase;
			buildActionMask = 2147483647;
			files = (
				98243AF91F2C022C00D782D9 /* LaunchScreen.storyboard in Resources */,
				98243AF61F2C022C00D782D9 /* Assets.xcassets in Resources */,
				98243AF11F2C022C00D782D9 /* Main.storyboard in Resources */,
			);
			runOnlyForDeploymentPostprocessing = 0;
		};
/* End PBXResourcesBuildPhase section */

/* Begin PBXSourcesBuildPhase section */
		98243AE41F2C022B00D782D9 /* Sources */ = {
			isa = PBXSourcesBuildPhase;
			buildActionMask = 2147483647;
			files = (
				98243AF41F2C022C00D782D9 /* TicTacToe.xcdatamodeld in Sources */,
				98243AEE1F2C022C00D782D9 /* ViewController.swift in Sources */,
				98243AEC1F2C022B00D782D9 /* AppDelegate.swift in Sources */,
			);
			runOnlyForDeploymentPostprocessing = 0;
		};
/* End PBXSourcesBuildPhase section */

/* Begin PBXVariantGroup section */
		98243AEF1F2C022C00D782D9 /* Main.storyboard */ = {
			isa = PBXVariantGroup;
			children = (
				98243AF01F2C022C00D782D9 /* Base */,
			);
			name = Main.storyboard;
			sourceTree = "<group>";
		};
		98243AF71F2C022C00D782D9 /* LaunchScreen.storyboard */ = {
			isa = PBXVariantGroup;
			children = (
				98243AF81F2C022C00D782D9 /* Base */,
			);
			name = LaunchScreen.storyboard;
			sourceTree = "<group>";
		};
/* End PBXVariantGroup section */

/* Begin XCBuildConfiguration section */
		98243AFB1F2C022C00D782D9 /* Debug */ = {
			isa = XCBuildConfiguration;
			buildSettings = {
				ALWAYS_SEARCH_USER_PATHS = NO;
				CLANG_ANALYZER_NONNULL = YES;
				CLANG_ANALYZER_NUMBER_OBJECT_CONVERSION = YES_AGGRESSIVE;
				CLANG_CXX_LANGUAGE_STANDARD = "gnu++0x";
				CLANG_CXX_LIBRARY = "libc++";
				CLANG_ENABLE_MODULES = YES;
				CLANG_ENABLE_OBJC_ARC = YES;
				CLANG_WARN_BOOL_CONVERSION = YES;
				CLANG_WARN_CONSTANT_CONVERSION = YES;
				CLANG_WARN_DIRECT_OBJC_ISA_USAGE = YES_ERROR;
				CLANG_WARN_DOCUMENTATION_COMMENTS = YES;
				CLANG_WARN_EMPTY_BODY = YES;
				CLANG_WARN_ENUM_CONVERSION = YES;
				CLANG_WARN_INFINITE_RECURSION = YES;
				CLANG_WARN_INT_CONVERSION = YES;
				CLANG_WARN_OBJC_ROOT_CLASS = YES_ERROR;
				CLANG_WARN_SUSPICIOUS_MOVE = YES;
				CLANG_WARN_UNREACHABLE_CODE = YES;
				CLANG_WARN__DUPLICATE_METHOD_MATCH = YES;
				"CODE_SIGN_IDENTITY[sdk=iphoneos*]" = "iPhone Developer";
				COPY_PHASE_STRIP = NO;
				DEBUG_INFORMATION_FORMAT = dwarf;
				ENABLE_STRICT_OBJC_MSGSEND = YES;
				ENABLE_TESTABILITY = YES;
				GCC_C_LANGUAGE_STANDARD = gnu99;
				GCC_DYNAMIC_NO_PIC = NO;
				GCC_NO_COMMON_BLOCKS = YES;
				GCC_OPTIMIZATION_LEVEL = 0;
				GCC_PREPROCESSOR_DEFINITIONS = (
					"DEBUG=1",
					"$(inherited)",
				);
				GCC_WARN_64_TO_32_BIT_CONVERSION = YES;
				GCC_WARN_ABOUT_RETURN_TYPE = YES_ERROR;
				GCC_WARN_UNDECLARED_SELECTOR = YES;
				GCC_WARN_UNINITIALIZED_AUTOS = YES_AGGRESSIVE;
				GCC_WARN_UNUSED_FUNCTION = YES;
				GCC_WARN_UNUSED_VARIABLE = YES;
				IPHONEOS_DEPLOYMENT_TARGET = 10.3;
				MTL_ENABLE_DEBUG_INFO = YES;
				ONLY_ACTIVE_ARCH = YES;
				SDKROOT = iphoneos;
				SWIFT_ACTIVE_COMPILATION_CONDITIONS = DEBUG;
				SWIFT_OPTIMIZATION_LEVEL = "-Onone";
			};
			name = Debug;
		};
		98243AFC1F2C022C00D782D9 /* Release */ = {
			isa = XCBuildConfiguration;
			buildSettings = {
				ALWAYS_SEARCH_USER_PATHS = NO;
				CLANG_ANALYZER_NONNULL = YES;
				CLANG_ANALYZER_NUMBER_OBJECT_CONVERSION = YES_AGGRESSIVE;
				CLANG_CXX_LANGUAGE_STANDARD = "gnu++0x";
				CLANG_CXX_LIBRARY = "libc++";
				CLANG_ENABLE_MODULES = YES;
				CLANG_ENABLE_OBJC_ARC = YES;
				CLANG_WARN_BOOL_CONVERSION = YES;
				CLANG_WARN_CONSTANT_CONVERSION = YES;
				CLANG_WARN_DIRECT_OBJC_ISA_USAGE = YES_ERROR;
				CLANG_WARN_DOCUMENTATION_COMMENTS = YES;
				CLANG_WARN_EMPTY_BODY = YES;
				CLANG_WARN_ENUM_CONVERSION = YES;
				CLANG_WARN_INFINITE_RECURSION = YES;
				CLANG_WARN_INT_CONVERSION = YES;
				CLANG_WARN_OBJC_ROOT_CLASS = YES_ERROR;
				CLANG_WARN_SUSPICIOUS_MOVE = YES;
				CLANG_WARN_UNREACHABLE_CODE = YES;
				CLANG_WARN__DUPLICATE_METHOD_MATCH = YES;
				"CODE_SIGN_IDENTITY[sdk=iphoneos*]" = "iPhone Developer";
				COPY_PHASE_STRIP = NO;
				DEBUG_INFORMATION_FORMAT = "dwarf-with-dsym";
				ENABLE_NS_ASSERTIONS = NO;
				ENABLE_STRICT_OBJC_MSGSEND = YES;
				GCC_C_LANGUAGE_STANDARD = gnu99;
				GCC_NO_COMMON_BLOCKS = YES;
				GCC_WARN_64_TO_32_BIT_CONVERSION = YES;
				GCC_WARN_ABOUT_RETURN_TYPE = YES_ERROR;
				GCC_WARN_UNDECLARED_SELECTOR = YES;
				GCC_WARN_UNINITIALIZED_AUTOS = YES_AGGRESSIVE;
				GCC_WARN_UNUSED_FUNCTION = YES;
				GCC_WARN_UNUSED_VARIABLE = YES;
				IPHONEOS_DEPLOYMENT_TARGET = 10.3;
				MTL_ENABLE_DEBUG_INFO = NO;
				SDKROOT = iphoneos;
				SWIFT_OPTIMIZATION_LEVEL = "-Owholemodule";
				VALIDATE_PRODUCT = YES;
			};
			name = Release;
		};
		98243AFE1F2C022C00D782D9 /* Debug */ = {
			isa = XCBuildConfiguration;
			buildSettings = {
				ASSETCATALOG_COMPILER_APPICON_NAME = AppIcon;
				DEVELOPMENT_TEAM = 4R62TSPCD5;
				INFOPLIST_FILE = TicTacToe/Info.plist;
				IPHONEOS_DEPLOYMENT_TARGET = 11.0;
				LD_RUNPATH_SEARCH_PATHS = "$(inherited) @executable_path/Frameworks";
				PRODUCT_BUNDLE_IDENTIFIER = Kaadan.TicTacToe;
				PRODUCT_NAME = "$(TARGET_NAME)";
				SWIFT_VERSION = 3.0;
			};
			name = Debug;
		};
		98243AFF1F2C022C00D782D9 /* Release */ = {
			isa = XCBuildConfiguration;
			buildSettings = {
				ASSETCATALOG_COMPILER_APPICON_NAME = AppIcon;
				DEVELOPMENT_TEAM = 4R62TSPCD5;
				INFOPLIST_FILE = TicTacToe/Info.plist;
				IPHONEOS_DEPLOYMENT_TARGET = 11.0;
				LD_RUNPATH_SEARCH_PATHS = "$(inherited) @executable_path/Frameworks";
				PRODUCT_BUNDLE_IDENTIFIER = Kaadan.TicTacToe;
				PRODUCT_NAME = "$(TARGET_NAME)";
				SWIFT_VERSION = 3.0;
			};
			name = Release;
		};
/* End XCBuildConfiguration section */

/* Begin XCConfigurationList section */
		98243AE31F2C022B00D782D9 /* Build configuration list for PBXProject "TicTacToe" */ = {
			isa = XCConfigurationList;
			buildConfigurations = (
				98243AFB1F2C022C00D782D9 /* Debug */,
				98243AFC1F2C022C00D782D9 /* Release */,
			);
			defaultConfigurationIsVisible = 0;
			defaultConfigurationName = Release;
		};
		98243AFD1F2C022C00D782D9 /* Build configuration list for PBXNativeTarget "TicTacToe" */ = {
			isa = XCConfigurationList;
			buildConfigurations = (
				98243AFE1F2C022C00D782D9 /* Debug */,
				98243AFF1F2C022C00D782D9 /* Release */,
			);
			defaultConfigurationIsVisible = 0;
			defaultConfigurationName = Release;
		};
/* End XCConfigurationList section */

/* Begin XCVersionGroup section */
		98243AF21F2C022C00D782D9 /* TicTacToe.xcdatamodeld */ = {
			isa = XCVersionGroup;
			children = (
				98243AF31F2C022C00D782D9 /* TicTacToe.xcdatamodel */,
			);
			currentVersion = 98243AF31F2C022C00D782D9 /* TicTacToe.xcdatamodel */;
			path = TicTacToe.xcdatamodeld;
			sourceTree = "<group>";
			versionGroupType = wrapper.xcdatamodel;
		};
/* End XCVersionGroup section */
	};
	rootObject = 98243AE01F2C022B00D782D9 /* Project object */;
}
